{
    "_meta": {
        "sources": [
            {
                "verify_ssl": true,
                "url": "https://pypi.python.org/simple"
            }
        ],
        "hash": {
            "sha256": "cb65967bdf3a7372749ce6144be4ee63f412aeeac624342fda3a2b58b1c43c15"
        },
        "requires": {}
    },
    "develop": {},
    "default": {}
}